// !$*UTF8*$!
{
	archiveVersion = 1;
	classes = {
	};
	objectVersion = 50;
	objects = {

/* Begin PBXBuildFile section */
		08BEA1C023602EF100C64589 /* HomeViewController.swift in Sources */ = {isa = PBXBuildFile; fileRef = 08BEA1BF23602EF100C64589 /* HomeViewController.swift */; };
		08BEA1C323602F8500C64589 /* ViewController.swift in Sources */ = {isa = PBXBuildFile; fileRef = 08BEA1C223602F8500C64589 /* ViewController.swift */; };
		08BEA1C52360302900C64589 /* HomeView.swift in Sources */ = {isa = PBXBuildFile; fileRef = 08BEA1C42360302900C64589 /* HomeView.swift */; };
		08BEA1C72360308500C64589 /* View.swift in Sources */ = {isa = PBXBuildFile; fileRef = 08BEA1C62360308500C64589 /* View.swift */; };
		08BEA1C9236030D700C64589 /* ViewSetupable.swift in Sources */ = {isa = PBXBuildFile; fileRef = 08BEA1C8236030D700C64589 /* ViewSetupable.swift */; };
		08BEA1CB2360311600C64589 /* HomeViewModel.swift in Sources */ = {isa = PBXBuildFile; fileRef = 08BEA1CA2360311600C64589 /* HomeViewModel.swift */; };
		08BEA1CD2360317A00C64589 /* HomeFlowController.swift in Sources */ = {isa = PBXBuildFile; fileRef = 08BEA1CC2360317A00C64589 /* HomeFlowController.swift */; };
		08BEA1CF236031D400C64589 /* FlowController.swift in Sources */ = {isa = PBXBuildFile; fileRef = 08BEA1CE236031D400C64589 /* FlowController.swift */; };
		08BEA1D1236031F400C64589 /* NavigationFlowController.swift in Sources */ = {isa = PBXBuildFile; fileRef = 08BEA1D0236031F400C64589 /* NavigationFlowController.swift */; };
		08BEA1D4236038BE00C64589 /* TransparentNavigationController.swift in Sources */ = {isa = PBXBuildFile; fileRef = 08BEA1D3236038BE00C64589 /* TransparentNavigationController.swift */; };
		08BEA1D723603CAA00C64589 /* TermsDisplayable.swift in Sources */ = {isa = PBXBuildFile; fileRef = 08BEA1D623603CAA00C64589 /* TermsDisplayable.swift */; };
		08BEA1D923603D0700C64589 /* ProfileDisplayable.swift in Sources */ = {isa = PBXBuildFile; fileRef = 08BEA1D823603D0700C64589 /* ProfileDisplayable.swift */; };
		08C4524A235F383D00CF4B19 /* AppDelegate.swift in Sources */ = {isa = PBXBuildFile; fileRef = 08C45249235F383D00CF4B19 /* AppDelegate.swift */; };
		08C4524C235F383D00CF4B19 /* SceneDelegate.swift in Sources */ = {isa = PBXBuildFile; fileRef = 08C4524B235F383D00CF4B19 /* SceneDelegate.swift */; };
		08C45253235F384000CF4B19 /* Assets.xcassets in Resources */ = {isa = PBXBuildFile; fileRef = 08C45252235F384000CF4B19 /* Assets.xcassets */; };
		08C45256235F384000CF4B19 /* LaunchScreen.storyboard in Resources */ = {isa = PBXBuildFile; fileRef = 08C45254235F384000CF4B19 /* LaunchScreen.storyboard */; };
		08C45261235F384000CF4B19 /* TouristAppSecondTests.swift in Sources */ = {isa = PBXBuildFile; fileRef = 08C45260235F384000CF4B19 /* TouristAppSecondTests.swift */; };
		08C4526C235F384000CF4B19 /* TouristAppSecondUITests.swift in Sources */ = {isa = PBXBuildFile; fileRef = 08C4526B235F384000CF4B19 /* TouristAppSecondUITests.swift */; };
		08C4527C235F389100CF4B19 /* ApplicationFlowController.swift in Sources */ = {isa = PBXBuildFile; fileRef = 08C4527B235F389100CF4B19 /* ApplicationFlowController.swift */; };
		08C4527E235F38B200CF4B19 /* ApplicationDependencies.swift in Sources */ = {isa = PBXBuildFile; fileRef = 08C4527D235F38B200CF4B19 /* ApplicationDependencies.swift */; };
/* End PBXBuildFile section */

/* Begin PBXContainerItemProxy section */
		08C4525D235F384000CF4B19 /* PBXContainerItemProxy */ = {
			isa = PBXContainerItemProxy;
			containerPortal = 08C4523E235F383D00CF4B19 /* Project object */;
			proxyType = 1;
			remoteGlobalIDString = 08C45245235F383D00CF4B19;
			remoteInfo = TouristAppSecond;
		};
		08C45268235F384000CF4B19 /* PBXContainerItemProxy */ = {
			isa = PBXContainerItemProxy;
			containerPortal = 08C4523E235F383D00CF4B19 /* Project object */;
			proxyType = 1;
			remoteGlobalIDString = 08C45245235F383D00CF4B19;
			remoteInfo = TouristAppSecond;
		};
/* End PBXContainerItemProxy section */

/* Begin PBXFileReference section */
		08BEA1BF23602EF100C64589 /* HomeViewController.swift */ = {isa = PBXFileReference; lastKnownFileType = sourcecode.swift; path = HomeViewController.swift; sourceTree = "<group>"; };
		08BEA1C223602F8500C64589 /* ViewController.swift */ = {isa = PBXFileReference; lastKnownFileType = sourcecode.swift; path = ViewController.swift; sourceTree = "<group>"; };
		08BEA1C42360302900C64589 /* HomeView.swift */ = {isa = PBXFileReference; lastKnownFileType = sourcecode.swift; path = HomeView.swift; sourceTree = "<group>"; };
		08BEA1C62360308500C64589 /* View.swift */ = {isa = PBXFileReference; lastKnownFileType = sourcecode.swift; path = View.swift; sourceTree = "<group>"; };
		08BEA1C8236030D700C64589 /* ViewSetupable.swift */ = {isa = PBXFileReference; lastKnownFileType = sourcecode.swift; path = ViewSetupable.swift; sourceTree = "<group>"; };
		08BEA1CA2360311600C64589 /* HomeViewModel.swift */ = {isa = PBXFileReference; lastKnownFileType = sourcecode.swift; path = HomeViewModel.swift; sourceTree = "<group>"; };
		08BEA1CC2360317A00C64589 /* HomeFlowController.swift */ = {isa = PBXFileReference; lastKnownFileType = sourcecode.swift; path = HomeFlowController.swift; sourceTree = "<group>"; };
		08BEA1CE236031D400C64589 /* FlowController.swift */ = {isa = PBXFileReference; lastKnownFileType = sourcecode.swift; path = FlowController.swift; sourceTree = "<group>"; };
		08BEA1D0236031F400C64589 /* NavigationFlowController.swift */ = {isa = PBXFileReference; lastKnownFileType = sourcecode.swift; path = NavigationFlowController.swift; sourceTree = "<group>"; };
		08BEA1D3236038BE00C64589 /* TransparentNavigationController.swift */ = {isa = PBXFileReference; lastKnownFileType = sourcecode.swift; path = TransparentNavigationController.swift; sourceTree = "<group>"; };
		08BEA1D623603CAA00C64589 /* TermsDisplayable.swift */ = {isa = PBXFileReference; lastKnownFileType = sourcecode.swift; path = TermsDisplayable.swift; sourceTree = "<group>"; };
		08BEA1D823603D0700C64589 /* ProfileDisplayable.swift */ = {isa = PBXFileReference; lastKnownFileType = sourcecode.swift; path = ProfileDisplayable.swift; sourceTree = "<group>"; };
		08C45246235F383D00CF4B19 /* TouristAppSecond.app */ = {isa = PBXFileReference; explicitFileType = wrapper.application; includeInIndex = 0; path = TouristAppSecond.app; sourceTree = BUILT_PRODUCTS_DIR; };
		08C45249235F383D00CF4B19 /* AppDelegate.swift */ = {isa = PBXFileReference; lastKnownFileType = sourcecode.swift; path = AppDelegate.swift; sourceTree = "<group>"; };
		08C4524B235F383D00CF4B19 /* SceneDelegate.swift */ = {isa = PBXFileReference; lastKnownFileType = sourcecode.swift; path = SceneDelegate.swift; sourceTree = "<group>"; };
		08C45252235F384000CF4B19 /* Assets.xcassets */ = {isa = PBXFileReference; lastKnownFileType = folder.assetcatalog; path = Assets.xcassets; sourceTree = "<group>"; };
		08C45255235F384000CF4B19 /* Base */ = {isa = PBXFileReference; lastKnownFileType = file.storyboard; name = Base; path = Base.lproj/LaunchScreen.storyboard; sourceTree = "<group>"; };
		08C45257235F384000CF4B19 /* Info.plist */ = {isa = PBXFileReference; lastKnownFileType = text.plist.xml; path = Info.plist; sourceTree = "<group>"; };
		08C4525C235F384000CF4B19 /* TouristAppSecondTests.xctest */ = {isa = PBXFileReference; explicitFileType = wrapper.cfbundle; includeInIndex = 0; path = TouristAppSecondTests.xctest; sourceTree = BUILT_PRODUCTS_DIR; };
		08C45260235F384000CF4B19 /* TouristAppSecondTests.swift */ = {isa = PBXFileReference; lastKnownFileType = sourcecode.swift; path = TouristAppSecondTests.swift; sourceTree = "<group>"; };
		08C45262235F384000CF4B19 /* Info.plist */ = {isa = PBXFileReference; lastKnownFileType = text.plist.xml; path = Info.plist; sourceTree = "<group>"; };
		08C45267235F384000CF4B19 /* TouristAppSecondUITests.xctest */ = {isa = PBXFileReference; explicitFileType = wrapper.cfbundle; includeInIndex = 0; path = TouristAppSecondUITests.xctest; sourceTree = BUILT_PRODUCTS_DIR; };
		08C4526B235F384000CF4B19 /* TouristAppSecondUITests.swift */ = {isa = PBXFileReference; lastKnownFileType = sourcecode.swift; path = TouristAppSecondUITests.swift; sourceTree = "<group>"; };
		08C4526D235F384000CF4B19 /* Info.plist */ = {isa = PBXFileReference; lastKnownFileType = text.plist.xml; path = Info.plist; sourceTree = "<group>"; };
		08C4527B235F389100CF4B19 /* ApplicationFlowController.swift */ = {isa = PBXFileReference; lastKnownFileType = sourcecode.swift; path = ApplicationFlowController.swift; sourceTree = "<group>"; };
		08C4527D235F38B200CF4B19 /* ApplicationDependencies.swift */ = {isa = PBXFileReference; lastKnownFileType = sourcecode.swift; path = ApplicationDependencies.swift; sourceTree = "<group>"; };
/* End PBXFileReference section */

/* Begin PBXFrameworksBuildPhase section */
		08C45243235F383D00CF4B19 /* Frameworks */ = {
			isa = PBXFrameworksBuildPhase;
			buildActionMask = 2147483647;
			files = (
			);
			runOnlyForDeploymentPostprocessing = 0;
		};
		08C45259235F384000CF4B19 /* Frameworks */ = {
			isa = PBXFrameworksBuildPhase;
			buildActionMask = 2147483647;
			files = (
			);
			runOnlyForDeploymentPostprocessing = 0;
		};
		08C45264235F384000CF4B19 /* Frameworks */ = {
			isa = PBXFrameworksBuildPhase;
			buildActionMask = 2147483647;
			files = (
			);
			runOnlyForDeploymentPostprocessing = 0;
		};
/* End PBXFrameworksBuildPhase section */

/* Begin PBXGroup section */
		08BEA1BA23602CE700C64589 /* Resources */ = {
			isa = PBXGroup;
			children = (
				08C45252235F384000CF4B19 /* Assets.xcassets */,
				08C45254235F384000CF4B19 /* LaunchScreen.storyboard */,
			);
			path = Resources;
			sourceTree = "<group>";
		};
		08BEA1BB23602D0800C64589 /* Supporting Files */ = {
			isa = PBXGroup;
			children = (
				08C45257235F384000CF4B19 /* Info.plist */,
			);
			path = "Supporting Files";
			sourceTree = "<group>";
		};
		08BEA1BC23602E2800C64589 /* Interface */ = {
			isa = PBXGroup;
			children = (
				08BEA1C123602F6B00C64589 /* Abstract */,
				08BEA1BD23602E3600C64589 /* Screens */,
			);
			path = Interface;
			sourceTree = "<group>";
		};
		08BEA1BD23602E3600C64589 /* Screens */ = {
			isa = PBXGroup;
			children = (
				08BEA1BE23602E8B00C64589 /* Home */,
			);
			path = Screens;
			sourceTree = "<group>";
		};
		08BEA1BE23602E8B00C64589 /* Home */ = {
			isa = PBXGroup;
			children = (
				08BEA1BF23602EF100C64589 /* HomeViewController.swift */,
				08BEA1C42360302900C64589 /* HomeView.swift */,
				08BEA1CA2360311600C64589 /* HomeViewModel.swift */,
				08BEA1CC2360317A00C64589 /* HomeFlowController.swift */,
			);
			path = Home;
			sourceTree = "<group>";
		};
		08BEA1C123602F6B00C64589 /* Abstract */ = {
			isa = PBXGroup;
			children = (
				08BEA1D523603C8800C64589 /* Flow Displayables */,
				08BEA1D22360389E00C64589 /* Navigation Controllers */,
				08BEA1C223602F8500C64589 /* ViewController.swift */,
				08BEA1C62360308500C64589 /* View.swift */,
				08BEA1C8236030D700C64589 /* ViewSetupable.swift */,
				08BEA1CE236031D400C64589 /* FlowController.swift */,
				08BEA1D0236031F400C64589 /* NavigationFlowController.swift */,
			);
			path = Abstract;
			sourceTree = "<group>";
		};
		08BEA1D22360389E00C64589 /* Navigation Controllers */ = {
			isa = PBXGroup;
			children = (
				08BEA1D3236038BE00C64589 /* TransparentNavigationController.swift */,
			);
			path = "Navigation Controllers";
			sourceTree = "<group>";
		};
		08BEA1D523603C8800C64589 /* Flow Displayables */ = {
			isa = PBXGroup;
			children = (
				08BEA1D623603CAA00C64589 /* TermsDisplayable.swift */,
				08BEA1D823603D0700C64589 /* ProfileDisplayable.swift */,
			);
			path = "Flow Displayables";
			sourceTree = "<group>";
		};
		08C4523D235F383D00CF4B19 = {
			isa = PBXGroup;
			children = (
				08C45248235F383D00CF4B19 /* TouristAppSecond */,
				08C4525F235F384000CF4B19 /* TouristAppSecondTests */,
				08C4526A235F384000CF4B19 /* TouristAppSecondUITests */,
				08C45247235F383D00CF4B19 /* Products */,
			);
			sourceTree = "<group>";
		};
		08C45247235F383D00CF4B19 /* Products */ = {
			isa = PBXGroup;
			children = (
				08C45246235F383D00CF4B19 /* TouristAppSecond.app */,
				08C4525C235F384000CF4B19 /* TouristAppSecondTests.xctest */,
				08C45267235F384000CF4B19 /* TouristAppSecondUITests.xctest */,
			);
			name = Products;
			sourceTree = "<group>";
		};
		08C45248235F383D00CF4B19 /* TouristAppSecond */ = {
			isa = PBXGroup;
			children = (
				08C45279235F386700CF4B19 /* Source Files */,
				08BEA1BA23602CE700C64589 /* Resources */,
				08BEA1BB23602D0800C64589 /* Supporting Files */,
			);
			path = TouristAppSecond;
			sourceTree = "<group>";
		};
		08C4525F235F384000CF4B19 /* TouristAppSecondTests */ = {
			isa = PBXGroup;
			children = (
				08C45260235F384000CF4B19 /* TouristAppSecondTests.swift */,
				08C45262235F384000CF4B19 /* Info.plist */,
			);
			path = TouristAppSecondTests;
			sourceTree = "<group>";
		};
		08C4526A235F384000CF4B19 /* TouristAppSecondUITests */ = {
			isa = PBXGroup;
			children = (
				08C4526B235F384000CF4B19 /* TouristAppSecondUITests.swift */,
				08C4526D235F384000CF4B19 /* Info.plist */,
			);
			path = TouristAppSecondUITests;
			sourceTree = "<group>";
		};
		08C45279235F386700CF4B19 /* Source Files */ = {
			isa = PBXGroup;
			children = (
				08C4527A235F387300CF4B19 /* Application */,
				08BEA1BC23602E2800C64589 /* Interface */,
			);
			path = "Source Files";
			sourceTree = "<group>";
		};
		08C4527A235F387300CF4B19 /* Application */ = {
			isa = PBXGroup;
			children = (
				08C4524B235F383D00CF4B19 /* SceneDelegate.swift */,
				08C45249235F383D00CF4B19 /* AppDelegate.swift */,
				08C4527B235F389100CF4B19 /* ApplicationFlowController.swift */,
				08C4527D235F38B200CF4B19 /* ApplicationDependencies.swift */,
			);
			path = Application;
			sourceTree = "<group>";
		};
/* End PBXGroup section */

/* Begin PBXNativeTarget section */
		08C45245235F383D00CF4B19 /* TouristAppSecond */ = {
			isa = PBXNativeTarget;
			buildConfigurationList = 08C45270235F384000CF4B19 /* Build configuration list for PBXNativeTarget "TouristAppSecond" */;
			buildPhases = (
				08C45242235F383D00CF4B19 /* Sources */,
				08C45243235F383D00CF4B19 /* Frameworks */,
				08C45244235F383D00CF4B19 /* Resources */,
			);
			buildRules = (
			);
			dependencies = (
			);
			name = TouristAppSecond;
			productName = TouristAppSecond;
			productReference = 08C45246235F383D00CF4B19 /* TouristAppSecond.app */;
			productType = "com.apple.product-type.application";
		};
		08C4525B235F384000CF4B19 /* TouristAppSecondTests */ = {
			isa = PBXNativeTarget;
			buildConfigurationList = 08C45273235F384000CF4B19 /* Build configuration list for PBXNativeTarget "TouristAppSecondTests" */;
			buildPhases = (
				08C45258235F384000CF4B19 /* Sources */,
				08C45259235F384000CF4B19 /* Frameworks */,
				08C4525A235F384000CF4B19 /* Resources */,
			);
			buildRules = (
			);
			dependencies = (
				08C4525E235F384000CF4B19 /* PBXTargetDependency */,
			);
			name = TouristAppSecondTests;
			productName = TouristAppSecondTests;
			productReference = 08C4525C235F384000CF4B19 /* TouristAppSecondTests.xctest */;
			productType = "com.apple.product-type.bundle.unit-test";
		};
		08C45266235F384000CF4B19 /* TouristAppSecondUITests */ = {
			isa = PBXNativeTarget;
			buildConfigurationList = 08C45276235F384000CF4B19 /* Build configuration list for PBXNativeTarget "TouristAppSecondUITests" */;
			buildPhases = (
				08C45263235F384000CF4B19 /* Sources */,
				08C45264235F384000CF4B19 /* Frameworks */,
				08C45265235F384000CF4B19 /* Resources */,
			);
			buildRules = (
			);
			dependencies = (
				08C45269235F384000CF4B19 /* PBXTargetDependency */,
			);
			name = TouristAppSecondUITests;
			productName = TouristAppSecondUITests;
			productReference = 08C45267235F384000CF4B19 /* TouristAppSecondUITests.xctest */;
			productType = "com.apple.product-type.bundle.ui-testing";
		};
/* End PBXNativeTarget section */

/* Begin PBXProject section */
		08C4523E235F383D00CF4B19 /* Project object */ = {
			isa = PBXProject;
			attributes = {
				LastSwiftUpdateCheck = 1110;
				LastUpgradeCheck = 1110;
				ORGANIZATIONNAME = TIWASZEK;
				TargetAttributes = {
					08C45245235F383D00CF4B19 = {
						CreatedOnToolsVersion = 11.1;
					};
					08C4525B235F384000CF4B19 = {
						CreatedOnToolsVersion = 11.1;
						TestTargetID = 08C45245235F383D00CF4B19;
					};
					08C45266235F384000CF4B19 = {
						CreatedOnToolsVersion = 11.1;
						TestTargetID = 08C45245235F383D00CF4B19;
					};
				};
			};
			buildConfigurationList = 08C45241235F383D00CF4B19 /* Build configuration list for PBXProject "TouristAppSecond" */;
			compatibilityVersion = "Xcode 9.3";
			developmentRegion = en;
			hasScannedForEncodings = 0;
			knownRegions = (
				en,
				Base,
			);
			mainGroup = 08C4523D235F383D00CF4B19;
			productRefGroup = 08C45247235F383D00CF4B19 /* Products */;
			projectDirPath = "";
			projectRoot = "";
			targets = (
				08C45245235F383D00CF4B19 /* TouristAppSecond */,
				08C4525B235F384000CF4B19 /* TouristAppSecondTests */,
				08C45266235F384000CF4B19 /* TouristAppSecondUITests */,
			);
		};
/* End PBXProject section */

/* Begin PBXResourcesBuildPhase section */
		08C45244235F383D00CF4B19 /* Resources */ = {
			isa = PBXResourcesBuildPhase;
			buildActionMask = 2147483647;
			files = (
				08C45256235F384000CF4B19 /* LaunchScreen.storyboard in Resources */,
				08C45253235F384000CF4B19 /* Assets.xcassets in Resources */,
			);
			runOnlyForDeploymentPostprocessing = 0;
		};
		08C4525A235F384000CF4B19 /* Resources */ = {
			isa = PBXResourcesBuildPhase;
			buildActionMask = 2147483647;
			files = (
			);
			runOnlyForDeploymentPostprocessing = 0;
		};
		08C45265235F384000CF4B19 /* Resources */ = {
			isa = PBXResourcesBuildPhase;
			buildActionMask = 2147483647;
			files = (
			);
			runOnlyForDeploymentPostprocessing = 0;
		};
/* End PBXResourcesBuildPhase section */

/* Begin PBXSourcesBuildPhase section */
		08C45242235F383D00CF4B19 /* Sources */ = {
			isa = PBXSourcesBuildPhase;
			buildActionMask = 2147483647;
			files = (
				08BEA1CD2360317A00C64589 /* HomeFlowController.swift in Sources */,
				08BEA1D1236031F400C64589 /* NavigationFlowController.swift in Sources */,
				08BEA1C72360308500C64589 /* View.swift in Sources */,
				08BEA1D723603CAA00C64589 /* TermsDisplayable.swift in Sources */,
				08BEA1C9236030D700C64589 /* ViewSetupable.swift in Sources */,
				08BEA1C323602F8500C64589 /* ViewController.swift in Sources */,
				08BEA1CB2360311600C64589 /* HomeViewModel.swift in Sources */,
				08BEA1C52360302900C64589 /* HomeView.swift in Sources */,
				08BEA1C023602EF100C64589 /* HomeViewController.swift in Sources */,
				08BEA1D4236038BE00C64589 /* TransparentNavigationController.swift in Sources */,
				08C4524A235F383D00CF4B19 /* AppDelegate.swift in Sources */,
				08C4527C235F389100CF4B19 /* ApplicationFlowController.swift in Sources */,
				08C4524C235F383D00CF4B19 /* SceneDelegate.swift in Sources */,
				08C4527E235F38B200CF4B19 /* ApplicationDependencies.swift in Sources */,
				08BEA1D923603D0700C64589 /* ProfileDisplayable.swift in Sources */,
				08BEA1CF236031D400C64589 /* FlowController.swift in Sources */,
			);
			runOnlyForDeploymentPostprocessing = 0;
		};
		08C45258235F384000CF4B19 /* Sources */ = {
			isa = PBXSourcesBuildPhase;
			buildActionMask = 2147483647;
			files = (
				08C45261235F384000CF4B19 /* TouristAppSecondTests.swift in Sources */,
			);
			runOnlyForDeploymentPostprocessing = 0;
		};
		08C45263235F384000CF4B19 /* Sources */ = {
			isa = PBXSourcesBuildPhase;
			buildActionMask = 2147483647;
			files = (
				08C4526C235F384000CF4B19 /* TouristAppSecondUITests.swift in Sources */,
			);
			runOnlyForDeploymentPostprocessing = 0;
		};
/* End PBXSourcesBuildPhase section */

/* Begin PBXTargetDependency section */
		08C4525E235F384000CF4B19 /* PBXTargetDependency */ = {
			isa = PBXTargetDependency;
			target = 08C45245235F383D00CF4B19 /* TouristAppSecond */;
			targetProxy = 08C4525D235F384000CF4B19 /* PBXContainerItemProxy */;
		};
		08C45269235F384000CF4B19 /* PBXTargetDependency */ = {
			isa = PBXTargetDependency;
			target = 08C45245235F383D00CF4B19 /* TouristAppSecond */;
			targetProxy = 08C45268235F384000CF4B19 /* PBXContainerItemProxy */;
		};
/* End PBXTargetDependency section */

/* Begin PBXVariantGroup section */
		08C45254235F384000CF4B19 /* LaunchScreen.storyboard */ = {
			isa = PBXVariantGroup;
			children = (
				08C45255235F384000CF4B19 /* Base */,
			);
			name = LaunchScreen.storyboard;
			sourceTree = "<group>";
		};
/* End PBXVariantGroup section */

/* Begin XCBuildConfiguration section */
		08C4526E235F384000CF4B19 /* Debug */ = {
			isa = XCBuildConfiguration;
			buildSettings = {
				ALWAYS_SEARCH_USER_PATHS = NO;
				CLANG_ANALYZER_NONNULL = YES;
				CLANG_ANALYZER_NUMBER_OBJECT_CONVERSION = YES_AGGRESSIVE;
				CLANG_CXX_LANGUAGE_STANDARD = "gnu++14";
				CLANG_CXX_LIBRARY = "libc++";
				CLANG_ENABLE_MODULES = YES;
				CLANG_ENABLE_OBJC_ARC = YES;
				CLANG_ENABLE_OBJC_WEAK = YES;
				CLANG_WARN_BLOCK_CAPTURE_AUTORELEASING = YES;
				CLANG_WARN_BOOL_CONVERSION = YES;
				CLANG_WARN_COMMA = YES;
				CLANG_WARN_CONSTANT_CONVERSION = YES;
				CLANG_WARN_DEPRECATED_OBJC_IMPLEMENTATIONS = YES;
				CLANG_WARN_DIRECT_OBJC_ISA_USAGE = YES_ERROR;
				CLANG_WARN_DOCUMENTATION_COMMENTS = YES;
				CLANG_WARN_EMPTY_BODY = YES;
				CLANG_WARN_ENUM_CONVERSION = YES;
				CLANG_WARN_INFINITE_RECURSION = YES;
				CLANG_WARN_INT_CONVERSION = YES;
				CLANG_WARN_NON_LITERAL_NULL_CONVERSION = YES;
				CLANG_WARN_OBJC_IMPLICIT_RETAIN_SELF = YES;
				CLANG_WARN_OBJC_LITERAL_CONVERSION = YES;
				CLANG_WARN_OBJC_ROOT_CLASS = YES_ERROR;
				CLANG_WARN_RANGE_LOOP_ANALYSIS = YES;
				CLANG_WARN_STRICT_PROTOTYPES = YES;
				CLANG_WARN_SUSPICIOUS_MOVE = YES;
				CLANG_WARN_UNGUARDED_AVAILABILITY = YES_AGGRESSIVE;
				CLANG_WARN_UNREACHABLE_CODE = YES;
				CLANG_WARN__DUPLICATE_METHOD_MATCH = YES;
				COPY_PHASE_STRIP = NO;
				DEBUG_INFORMATION_FORMAT = dwarf;
				ENABLE_STRICT_OBJC_MSGSEND = YES;
				ENABLE_TESTABILITY = YES;
				GCC_C_LANGUAGE_STANDARD = gnu11;
				GCC_DYNAMIC_NO_PIC = NO;
				GCC_NO_COMMON_BLOCKS = YES;
				GCC_OPTIMIZATION_LEVEL = 0;
				GCC_PREPROCESSOR_DEFINITIONS = (
					"DEBUG=1",
					"$(inherited)",
				);
				GCC_WARN_64_TO_32_BIT_CONVERSION = YES;
				GCC_WARN_ABOUT_RETURN_TYPE = YES_ERROR;
				GCC_WARN_UNDECLARED_SELECTOR = YES;
				GCC_WARN_UNINITIALIZED_AUTOS = YES_AGGRESSIVE;
				GCC_WARN_UNUSED_FUNCTION = YES;
				GCC_WARN_UNUSED_VARIABLE = YES;
				IPHONEOS_DEPLOYMENT_TARGET = 13.1;
				MTL_ENABLE_DEBUG_INFO = INCLUDE_SOURCE;
				MTL_FAST_MATH = YES;
				ONLY_ACTIVE_ARCH = YES;
				SDKROOT = iphoneos;
				SWIFT_ACTIVE_COMPILATION_CONDITIONS = DEBUG;
				SWIFT_OPTIMIZATION_LEVEL = "-Onone";
			};
			name = Debug;
		};
		08C4526F235F384000CF4B19 /* Release */ = {
			isa = XCBuildConfiguration;
			buildSettings = {
				ALWAYS_SEARCH_USER_PATHS = NO;
				CLANG_ANALYZER_NONNULL = YES;
				CLANG_ANALYZER_NUMBER_OBJECT_CONVERSION = YES_AGGRESSIVE;
				CLANG_CXX_LANGUAGE_STANDARD = "gnu++14";
				CLANG_CXX_LIBRARY = "libc++";
				CLANG_ENABLE_MODULES = YES;
				CLANG_ENABLE_OBJC_ARC = YES;
				CLANG_ENABLE_OBJC_WEAK = YES;
				CLANG_WARN_BLOCK_CAPTURE_AUTORELEASING = YES;
				CLANG_WARN_BOOL_CONVERSION = YES;
				CLANG_WARN_COMMA = YES;
				CLANG_WARN_CONSTANT_CONVERSION = YES;
				CLANG_WARN_DEPRECATED_OBJC_IMPLEMENTATIONS = YES;
				CLANG_WARN_DIRECT_OBJC_ISA_USAGE = YES_ERROR;
				CLANG_WARN_DOCUMENTATION_COMMENTS = YES;
				CLANG_WARN_EMPTY_BODY = YES;
				CLANG_WARN_ENUM_CONVERSION = YES;
				CLANG_WARN_INFINITE_RECURSION = YES;
				CLANG_WARN_INT_CONVERSION = YES;
				CLANG_WARN_NON_LITERAL_NULL_CONVERSION = YES;
				CLANG_WARN_OBJC_IMPLICIT_RETAIN_SELF = YES;
				CLANG_WARN_OBJC_LITERAL_CONVERSION = YES;
				CLANG_WARN_OBJC_ROOT_CLASS = YES_ERROR;
				CLANG_WARN_RANGE_LOOP_ANALYSIS = YES;
				CLANG_WARN_STRICT_PROTOTYPES = YES;
				CLANG_WARN_SUSPICIOUS_MOVE = YES;
				CLANG_WARN_UNGUARDED_AVAILABILITY = YES_AGGRESSIVE;
				CLANG_WARN_UNREACHABLE_CODE = YES;
				CLANG_WARN__DUPLICATE_METHOD_MATCH = YES;
				COPY_PHASE_STRIP = NO;
				DEBUG_INFORMATION_FORMAT = "dwarf-with-dsym";
				ENABLE_NS_ASSERTIONS = NO;
				ENABLE_STRICT_OBJC_MSGSEND = YES;
				GCC_C_LANGUAGE_STANDARD = gnu11;
				GCC_NO_COMMON_BLOCKS = YES;
				GCC_WARN_64_TO_32_BIT_CONVERSION = YES;
				GCC_WARN_ABOUT_RETURN_TYPE = YES_ERROR;
				GCC_WARN_UNDECLARED_SELECTOR = YES;
				GCC_WARN_UNINITIALIZED_AUTOS = YES_AGGRESSIVE;
				GCC_WARN_UNUSED_FUNCTION = YES;
				GCC_WARN_UNUSED_VARIABLE = YES;
				IPHONEOS_DEPLOYMENT_TARGET = 13.1;
				MTL_ENABLE_DEBUG_INFO = NO;
				MTL_FAST_MATH = YES;
				SDKROOT = iphoneos;
				SWIFT_COMPILATION_MODE = wholemodule;
				SWIFT_OPTIMIZATION_LEVEL = "-O";
				VALIDATE_PRODUCT = YES;
			};
			name = Release;
		};
		08C45271235F384000CF4B19 /* Debug */ = {
			isa = XCBuildConfiguration;
			buildSettings = {
				ASSETCATALOG_COMPILER_APPICON_NAME = AppIcon;
				CODE_SIGN_STYLE = Automatic;
				DEVELOPMENT_TEAM = 6GJ86WKP5G;
				INFOPLIST_FILE = "TouristAppSecond/Supporting Files/Info.plist";
				LD_RUNPATH_SEARCH_PATHS = (
					"$(inherited)",
					"@executable_path/Frameworks",
				);
				PRODUCT_BUNDLE_IDENTIFIER = com.TouristAppSecond;
				PRODUCT_NAME = "$(TARGET_NAME)";
				SWIFT_VERSION = 5.0;
				TARGETED_DEVICE_FAMILY = "1,2";
			};
			name = Debug;
		};
		08C45272235F384000CF4B19 /* Release */ = {
			isa = XCBuildConfiguration;
			buildSettings = {
				ASSETCATALOG_COMPILER_APPICON_NAME = AppIcon;
				CODE_SIGN_STYLE = Automatic;
				DEVELOPMENT_TEAM = 6GJ86WKP5G;
				INFOPLIST_FILE = "TouristAppSecond/Supporting Files/Info.plist";
				LD_RUNPATH_SEARCH_PATHS = (
					"$(inherited)",
					"@executable_path/Frameworks",
				);
				PRODUCT_BUNDLE_IDENTIFIER = com.TouristAppSecond;
				PRODUCT_NAME = "$(TARGET_NAME)";
				SWIFT_VERSION = 5.0;
				TARGETED_DEVICE_FAMILY = "1,2";
			};
			name = Release;
		};
		08C45274235F384000CF4B19 /* Debug */ = {
			isa = XCBuildConfiguration;
			buildSettings = {
				ALWAYS_EMBED_SWIFT_STANDARD_LIBRARIES = YES;
				BUNDLE_LOADER = "$(TEST_HOST)";
				CODE_SIGN_STYLE = Automatic;
				DEVELOPMENT_TEAM = 6GJ86WKP5G;
				INFOPLIST_FILE = TouristAppSecondTests/Info.plist;
				IPHONEOS_DEPLOYMENT_TARGET = 13.1;
				LD_RUNPATH_SEARCH_PATHS = (
					"$(inherited)",
					"@executable_path/Frameworks",
					"@loader_path/Frameworks",
				);
				PRODUCT_BUNDLE_IDENTIFIER = com.TouristAppSecondTests;
				PRODUCT_NAME = "$(TARGET_NAME)";
				SWIFT_VERSION = 5.0;
				TARGETED_DEVICE_FAMILY = "1,2";
				TEST_HOST = "$(BUILT_PRODUCTS_DIR)/TouristAppSecond.app/TouristAppSecond";
			};
			name = Debug;
		};
		08C45275235F384000CF4B19 /* Release */ = {
			isa = XCBuildConfiguration;
			buildSettings = {
				ALWAYS_EMBED_SWIFT_STANDARD_LIBRARIES = YES;
				BUNDLE_LOADER = "$(TEST_HOST)";
				CODE_SIGN_STYLE = Automatic;
				DEVELOPMENT_TEAM = 6GJ86WKP5G;
				INFOPLIST_FILE = TouristAppSecondTests/Info.plist;
				IPHONEOS_DEPLOYMENT_TARGET = 13.1;
				LD_RUNPATH_SEARCH_PATHS = (
					"$(inherited)",
					"@executable_path/Frameworks",
					"@loader_path/Frameworks",
				);
				PRODUCT_BUNDLE_IDENTIFIER = com.TouristAppSecondTests;
				PRODUCT_NAME = "$(TARGET_NAME)";
				SWIFT_VERSION = 5.0;
				TARGETED_DEVICE_FAMILY = "1,2";
				TEST_HOST = "$(BUILT_PRODUCTS_DIR)/TouristAppSecond.app/TouristAppSecond";
			};
			name = Release;
		};
		08C45277235F384000CF4B19 /* Debug */ = {
			isa = XCBuildConfiguration;
			buildSettings = {
				ALWAYS_EMBED_SWIFT_STANDARD_LIBRARIES = YES;
				CODE_SIGN_STYLE = Automatic;
				DEVELOPMENT_TEAM = 6GJ86WKP5G;
				INFOPLIST_FILE = TouristAppSecondUITests/Info.plist;
				LD_RUNPATH_SEARCH_PATHS = (
					"$(inherited)",
					"@executable_path/Frameworks",
					"@loader_path/Frameworks",
				);
				PRODUCT_BUNDLE_IDENTIFIER = com.TouristAppSecondUITests;
				PRODUCT_NAME = "$(TARGET_NAME)";
				SWIFT_VERSION = 5.0;
				TARGETED_DEVICE_FAMILY = "1,2";
				TEST_TARGET_NAME = TouristAppSecond;
			};
			name = Debug;
		};
		08C45278235F384000CF4B19 /* Release */ = {
			isa = XCBuildConfiguration;
			buildSettings = {
				ALWAYS_EMBED_SWIFT_STANDARD_LIBRARIES = YES;
				CODE_SIGN_STYLE = Automatic;
				DEVELOPMENT_TEAM = 6GJ86WKP5G;
				INFOPLIST_FILE = TouristAppSecondUITests/Info.plist;
				LD_RUNPATH_SEARCH_PATHS = (
					"$(inherited)",
					"@executable_path/Frameworks",
					"@loader_path/Frameworks",
				);
				PRODUCT_BUNDLE_IDENTIFIER = com.TouristAppSecondUITests;
				PRODUCT_NAME = "$(TARGET_NAME)";
				SWIFT_VERSION = 5.0;
				TARGETED_DEVICE_FAMILY = "1,2";
				TEST_TARGET_NAME = TouristAppSecond;
			};
			name = Release;
		};
/* End XCBuildConfiguration section */

/* Begin XCConfigurationList section */
		08C45241235F383D00CF4B19 /* Build configuration list for PBXProject "TouristAppSecond" */ = {
			isa = XCConfigurationList;
			buildConfigurations = (
				08C4526E235F384000CF4B19 /* Debug */,
				08C4526F235F384000CF4B19 /* Release */,
			);
			defaultConfigurationIsVisible = 0;
			defaultConfigurationName = Release;
		};
		08C45270235F384000CF4B19 /* Build configuration list for PBXNativeTarget "TouristAppSecond" */ = {
			isa = XCConfigurationList;
			buildConfigurations = (
				08C45271235F384000CF4B19 /* Debug */,
				08C45272235F384000CF4B19 /* Release */,
			);
			defaultConfigurationIsVisible = 0;
			defaultConfigurationName = Release;
		};
		08C45273235F384000CF4B19 /* Build configuration list for PBXNativeTarget "TouristAppSecondTests" */ = {
			isa = XCConfigurationList;
			buildConfigurations = (
				08C45274235F384000CF4B19 /* Debug */,
				08C45275235F384000CF4B19 /* Release */,
			);
			defaultConfigurationIsVisible = 0;
			defaultConfigurationName = Release;
		};
		08C45276235F384000CF4B19 /* Build configuration list for PBXNativeTarget "TouristAppSecondUITests" */ = {
			isa = XCConfigurationList;
			buildConfigurations = (
				08C45277235F384000CF4B19 /* Debug */,
				08C45278235F384000CF4B19 /* Release */,
			);
			defaultConfigurationIsVisible = 0;
			defaultConfigurationName = Release;
		};
/* End XCConfigurationList section */
	};
	rootObject = 08C4523E235F383D00CF4B19 /* Project object */;
}
